// !$*UTF8*$!
{
	archiveVersion = 1;
	classes = {
	};
	objectVersion = 56;
	objects = {

/* Begin PBXBuildFile section */
		60A56B837F91A6E8C613FEDC /* Pods_Reservation_ReservationUITests.framework in Frameworks */ = {isa = PBXBuildFile; fileRef = AF57F06FCC04417E54669E45 /* Pods_Reservation_ReservationUITests.framework */; };
		736356BAEBDF13EA653E6714 /* Pods_ReservationTests.framework in Frameworks */ = {isa = PBXBuildFile; fileRef = 6E58AC458C8F67C6A2BDA278 /* Pods_ReservationTests.framework */; };
		A1F3F8AC4AD8810AA4C6602E /* Pods_Reservation.framework in Frameworks */ = {isa = PBXBuildFile; fileRef = 1714561D8AA76A6276743ECC /* Pods_Reservation.framework */; };
		F60DE6D92A0E926900CDC033 /* RequestAvailableHoursModel.swift in Sources */ = {isa = PBXBuildFile; fileRef = F60DE6D82A0E926900CDC033 /* RequestAvailableHoursModel.swift */; };
		F65F56C02A09FB8200F7580A /* APIClient.swift in Sources */ = {isa = PBXBuildFile; fileRef = F65F56BF2A09FB8200F7580A /* APIClient.swift */; };
		F65F56C32A09FC1300F7580A /* HTTPArrayEncoding.swift in Sources */ = {isa = PBXBuildFile; fileRef = F65F56C22A09FC1300F7580A /* HTTPArrayEncoding.swift */; };
		F65F56C52A09FC9500F7580A /* ErrorModel.swift in Sources */ = {isa = PBXBuildFile; fileRef = F65F56C42A09FC9500F7580A /* ErrorModel.swift */; };
		F65F56C82A0A000300F7580A /* Encodable+Helpers.swift in Sources */ = {isa = PBXBuildFile; fileRef = F65F56C72A0A000300F7580A /* Encodable+Helpers.swift */; };
		F65F56CA2A0A002400F7580A /* JSONDecoder+Helpers.swift in Sources */ = {isa = PBXBuildFile; fileRef = F65F56C92A0A002400F7580A /* JSONDecoder+Helpers.swift */; };
		F65F56CC2A0A003E00F7580A /* DateFormatter+Helpers.swift in Sources */ = {isa = PBXBuildFile; fileRef = F65F56CB2A0A003E00F7580A /* DateFormatter+Helpers.swift */; };
		F65F56CF2A0A017A00F7580A /* Constans.swift in Sources */ = {isa = PBXBuildFile; fileRef = F65F56CE2A0A017A00F7580A /* Constans.swift */; };
		F65F56D22A0A01C500F7580A /* Utils.swift in Sources */ = {isa = PBXBuildFile; fileRef = F65F56D12A0A01C500F7580A /* Utils.swift */; };
		F65F56D42A0A01CE00F7580A /* Singleton.swift in Sources */ = {isa = PBXBuildFile; fileRef = F65F56D32A0A01CE00F7580A /* Singleton.swift */; };
		F65F56D62A0A077A00F7580A /* Discovery.swift in Sources */ = {isa = PBXBuildFile; fileRef = F65F56D52A0A077A00F7580A /* Discovery.swift */; };
		F65F56DA2A0A07EE00F7580A /* String+Helpers.swift in Sources */ = {isa = PBXBuildFile; fileRef = F65F56D92A0A07EE00F7580A /* String+Helpers.swift */; };
		F66F5B712A09F91D0017F322 /* ReservationApp.swift in Sources */ = {isa = PBXBuildFile; fileRef = F66F5B702A09F91D0017F322 /* ReservationApp.swift */; };
		F66F5B732A09F91D0017F322 /* ContentView.swift in Sources */ = {isa = PBXBuildFile; fileRef = F66F5B722A09F91D0017F322 /* ContentView.swift */; };
		F66F5B752A09F91E0017F322 /* Assets.xcassets in Resources */ = {isa = PBXBuildFile; fileRef = F66F5B742A09F91E0017F322 /* Assets.xcassets */; };
		F66F5B782A09F91E0017F322 /* Preview Assets.xcassets in Resources */ = {isa = PBXBuildFile; fileRef = F66F5B772A09F91E0017F322 /* Preview Assets.xcassets */; };
		F66F5B7A2A09F91E0017F322 /* Persistence.swift in Sources */ = {isa = PBXBuildFile; fileRef = F66F5B792A09F91E0017F322 /* Persistence.swift */; };
		F66F5B7D2A09F91E0017F322 /* Reservation.xcdatamodeld in Sources */ = {isa = PBXBuildFile; fileRef = F66F5B7B2A09F91E0017F322 /* Reservation.xcdatamodeld */; };
		F66F5B872A09F91E0017F322 /* ReservationTests.swift in Sources */ = {isa = PBXBuildFile; fileRef = F66F5B862A09F91E0017F322 /* ReservationTests.swift */; };
		F66F5B912A09F91F0017F322 /* ReservationUITests.swift in Sources */ = {isa = PBXBuildFile; fileRef = F66F5B902A09F91F0017F322 /* ReservationUITests.swift */; };
		F66F5B932A09F91F0017F322 /* ReservationUITestsLaunchTests.swift in Sources */ = {isa = PBXBuildFile; fileRef = F66F5B922A09F91F0017F322 /* ReservationUITestsLaunchTests.swift */; };
		F6B724692A0D6C8C00EC8437 /* ReservationDateSelectorView.swift in Sources */ = {isa = PBXBuildFile; fileRef = F6B724682A0D6C8C00EC8437 /* ReservationDateSelectorView.swift */; };
		F6B7246B2A0D6CA200EC8437 /* ReservationDateSelectorViewModel.swift in Sources */ = {isa = PBXBuildFile; fileRef = F6B7246A2A0D6CA200EC8437 /* ReservationDateSelectorViewModel.swift */; };
		F6B7246F2A0D82DA00EC8437 /* AddClientView.swift in Sources */ = {isa = PBXBuildFile; fileRef = F6B7246E2A0D82DA00EC8437 /* AddClientView.swift */; };
		F6B724712A0D82EE00EC8437 /* AddClientViewModel.swift in Sources */ = {isa = PBXBuildFile; fileRef = F6B724702A0D82EE00EC8437 /* AddClientViewModel.swift */; };
		F6D526612A0DDB0E00C297F7 /* ReservationModel.swift in Sources */ = {isa = PBXBuildFile; fileRef = F6D526602A0DDB0E00C297F7 /* ReservationModel.swift */; };
		F6D526632A0DDDE800C297F7 /* TableModel.swift in Sources */ = {isa = PBXBuildFile; fileRef = F6D526622A0DDDE800C297F7 /* TableModel.swift */; };
		F6DCB19E2A0A788000E2D7F1 /* ContentViewModel.swift in Sources */ = {isa = PBXBuildFile; fileRef = F6DCB19D2A0A788000E2D7F1 /* ContentViewModel.swift */; };
		F6DCB1A02A0A7A0E00E2D7F1 /* RestaurantModel.swift in Sources */ = {isa = PBXBuildFile; fileRef = F6DCB19F2A0A7A0E00E2D7F1 /* RestaurantModel.swift */; };
		F6DCB1A22A0A8E7900E2D7F1 /* RestaurantsView.swift in Sources */ = {isa = PBXBuildFile; fileRef = F6DCB1A12A0A8E7900E2D7F1 /* RestaurantsView.swift */; };
		F6DCB1A42A0A8E9C00E2D7F1 /* RestaurantsViewModel.swift in Sources */ = {isa = PBXBuildFile; fileRef = F6DCB1A32A0A8E9C00E2D7F1 /* RestaurantsViewModel.swift */; };
		F6DCB1A62A0A938000E2D7F1 /* UIApplication+Helpers.swift in Sources */ = {isa = PBXBuildFile; fileRef = F6DCB1A52A0A938000E2D7F1 /* UIApplication+Helpers.swift */; };
		F6DCB1A82A0A998400E2D7F1 /* ReservationsView.swift in Sources */ = {isa = PBXBuildFile; fileRef = F6DCB1A72A0A998300E2D7F1 /* ReservationsView.swift */; };
		F6DCB1AA2A0A999800E2D7F1 /* ReservationsViewModel.swift in Sources */ = {isa = PBXBuildFile; fileRef = F6DCB1A92A0A999800E2D7F1 /* ReservationsViewModel.swift */; };
		F6EAFC322A0ACFC5003F9594 /* ClientModel.swift in Sources */ = {isa = PBXBuildFile; fileRef = F6EAFC312A0ACFC5003F9594 /* ClientModel.swift */; };
		F6EAFC342A0ADD8D003F9594 /* ClientsView.swift in Sources */ = {isa = PBXBuildFile; fileRef = F6EAFC332A0ADD8D003F9594 /* ClientsView.swift */; };
		F6EAFC362A0ADD9D003F9594 /* ClientsViewModel.swift in Sources */ = {isa = PBXBuildFile; fileRef = F6EAFC352A0ADD9D003F9594 /* ClientsViewModel.swift */; };
/* End PBXBuildFile section */

/* Begin PBXContainerItemProxy section */
		F66F5B832A09F91E0017F322 /* PBXContainerItemProxy */ = {
			isa = PBXContainerItemProxy;
			containerPortal = F66F5B652A09F91C0017F322 /* Project object */;
			proxyType = 1;
			remoteGlobalIDString = F66F5B6C2A09F91D0017F322;
			remoteInfo = Reservation;
		};
		F66F5B8D2A09F91F0017F322 /* PBXContainerItemProxy */ = {
			isa = PBXContainerItemProxy;
			containerPortal = F66F5B652A09F91C0017F322 /* Project object */;
			proxyType = 1;
			remoteGlobalIDString = F66F5B6C2A09F91D0017F322;
			remoteInfo = Reservation;
		};
/* End PBXContainerItemProxy section */

/* Begin PBXFileReference section */
		03CDD2DB11F4897C69C6C116 /* Pods-Reservation-ReservationUITests.debug.xcconfig */ = {isa = PBXFileReference; includeInIndex = 1; lastKnownFileType = text.xcconfig; name = "Pods-Reservation-ReservationUITests.debug.xcconfig"; path = "Target Support Files/Pods-Reservation-ReservationUITests/Pods-Reservation-ReservationUITests.debug.xcconfig"; sourceTree = "<group>"; };
		1714561D8AA76A6276743ECC /* Pods_Reservation.framework */ = {isa = PBXFileReference; explicitFileType = wrapper.framework; includeInIndex = 0; path = Pods_Reservation.framework; sourceTree = BUILT_PRODUCTS_DIR; };
		33ED0CF5EA4B464CD821C0C5 /* Pods-ReservationTests.release.xcconfig */ = {isa = PBXFileReference; includeInIndex = 1; lastKnownFileType = text.xcconfig; name = "Pods-ReservationTests.release.xcconfig"; path = "Target Support Files/Pods-ReservationTests/Pods-ReservationTests.release.xcconfig"; sourceTree = "<group>"; };
		399EB5D023B8624D6DE50B0B /* Pods-Reservation.release.xcconfig */ = {isa = PBXFileReference; includeInIndex = 1; lastKnownFileType = text.xcconfig; name = "Pods-Reservation.release.xcconfig"; path = "Target Support Files/Pods-Reservation/Pods-Reservation.release.xcconfig"; sourceTree = "<group>"; };
		503FE1870389B087DDED6D1B /* Pods-Reservation.debug.xcconfig */ = {isa = PBXFileReference; includeInIndex = 1; lastKnownFileType = text.xcconfig; name = "Pods-Reservation.debug.xcconfig"; path = "Target Support Files/Pods-Reservation/Pods-Reservation.debug.xcconfig"; sourceTree = "<group>"; };
		6E58AC458C8F67C6A2BDA278 /* Pods_ReservationTests.framework */ = {isa = PBXFileReference; explicitFileType = wrapper.framework; includeInIndex = 0; path = Pods_ReservationTests.framework; sourceTree = BUILT_PRODUCTS_DIR; };
		AF57F06FCC04417E54669E45 /* Pods_Reservation_ReservationUITests.framework */ = {isa = PBXFileReference; explicitFileType = wrapper.framework; includeInIndex = 0; path = Pods_Reservation_ReservationUITests.framework; sourceTree = BUILT_PRODUCTS_DIR; };
		DFE61DE0C7C0E073C12CA037 /* Pods-ReservationTests.debug.xcconfig */ = {isa = PBXFileReference; includeInIndex = 1; lastKnownFileType = text.xcconfig; name = "Pods-ReservationTests.debug.xcconfig"; path = "Target Support Files/Pods-ReservationTests/Pods-ReservationTests.debug.xcconfig"; sourceTree = "<group>"; };
		F60DE6D82A0E926900CDC033 /* RequestAvailableHoursModel.swift */ = {isa = PBXFileReference; lastKnownFileType = sourcecode.swift; path = RequestAvailableHoursModel.swift; sourceTree = "<group>"; };
		F65F56BF2A09FB8200F7580A /* APIClient.swift */ = {isa = PBXFileReference; lastKnownFileType = sourcecode.swift; path = APIClient.swift; sourceTree = "<group>"; };
		F65F56C22A09FC1300F7580A /* HTTPArrayEncoding.swift */ = {isa = PBXFileReference; lastKnownFileType = sourcecode.swift; path = HTTPArrayEncoding.swift; sourceTree = "<group>"; };
		F65F56C42A09FC9500F7580A /* ErrorModel.swift */ = {isa = PBXFileReference; lastKnownFileType = sourcecode.swift; path = ErrorModel.swift; sourceTree = "<group>"; };
		F65F56C72A0A000300F7580A /* Encodable+Helpers.swift */ = {isa = PBXFileReference; lastKnownFileType = sourcecode.swift; path = "Encodable+Helpers.swift"; sourceTree = "<group>"; };
		F65F56C92A0A002400F7580A /* JSONDecoder+Helpers.swift */ = {isa = PBXFileReference; lastKnownFileType = sourcecode.swift; path = "JSONDecoder+Helpers.swift"; sourceTree = "<group>"; };
		F65F56CB2A0A003E00F7580A /* DateFormatter+Helpers.swift */ = {isa = PBXFileReference; lastKnownFileType = sourcecode.swift; path = "DateFormatter+Helpers.swift"; sourceTree = "<group>"; };
		F65F56CE2A0A017A00F7580A /* Constans.swift */ = {isa = PBXFileReference; lastKnownFileType = sourcecode.swift; path = Constans.swift; sourceTree = "<group>"; };
		F65F56D12A0A01C500F7580A /* Utils.swift */ = {isa = PBXFileReference; lastKnownFileType = sourcecode.swift; path = Utils.swift; sourceTree = "<group>"; };
		F65F56D32A0A01CE00F7580A /* Singleton.swift */ = {isa = PBXFileReference; lastKnownFileType = sourcecode.swift; path = Singleton.swift; sourceTree = "<group>"; };
		F65F56D52A0A077A00F7580A /* Discovery.swift */ = {isa = PBXFileReference; lastKnownFileType = sourcecode.swift; path = Discovery.swift; sourceTree = "<group>"; };
		F65F56D92A0A07EE00F7580A /* String+Helpers.swift */ = {isa = PBXFileReference; lastKnownFileType = sourcecode.swift; path = "String+Helpers.swift"; sourceTree = "<group>"; };
		F66F5B6D2A09F91D0017F322 /* Reservation.app */ = {isa = PBXFileReference; explicitFileType = wrapper.application; includeInIndex = 0; path = Reservation.app; sourceTree = BUILT_PRODUCTS_DIR; };
		F66F5B702A09F91D0017F322 /* ReservationApp.swift */ = {isa = PBXFileReference; lastKnownFileType = sourcecode.swift; path = ReservationApp.swift; sourceTree = "<group>"; };
		F66F5B722A09F91D0017F322 /* ContentView.swift */ = {isa = PBXFileReference; lastKnownFileType = sourcecode.swift; path = ContentView.swift; sourceTree = "<group>"; };
		F66F5B742A09F91E0017F322 /* Assets.xcassets */ = {isa = PBXFileReference; lastKnownFileType = folder.assetcatalog; path = Assets.xcassets; sourceTree = "<group>"; };
		F66F5B772A09F91E0017F322 /* Preview Assets.xcassets */ = {isa = PBXFileReference; lastKnownFileType = folder.assetcatalog; path = "Preview Assets.xcassets"; sourceTree = "<group>"; };
		F66F5B792A09F91E0017F322 /* Persistence.swift */ = {isa = PBXFileReference; lastKnownFileType = sourcecode.swift; path = Persistence.swift; sourceTree = "<group>"; };
		F66F5B7C2A09F91E0017F322 /* Reservation.xcdatamodel */ = {isa = PBXFileReference; lastKnownFileType = wrapper.xcdatamodel; path = Reservation.xcdatamodel; sourceTree = "<group>"; };
		F66F5B822A09F91E0017F322 /* ReservationTests.xctest */ = {isa = PBXFileReference; explicitFileType = wrapper.cfbundle; includeInIndex = 0; path = ReservationTests.xctest; sourceTree = BUILT_PRODUCTS_DIR; };
		F66F5B862A09F91E0017F322 /* ReservationTests.swift */ = {isa = PBXFileReference; lastKnownFileType = sourcecode.swift; path = ReservationTests.swift; sourceTree = "<group>"; };
		F66F5B8C2A09F91F0017F322 /* ReservationUITests.xctest */ = {isa = PBXFileReference; explicitFileType = wrapper.cfbundle; includeInIndex = 0; path = ReservationUITests.xctest; sourceTree = BUILT_PRODUCTS_DIR; };
		F66F5B902A09F91F0017F322 /* ReservationUITests.swift */ = {isa = PBXFileReference; lastKnownFileType = sourcecode.swift; path = ReservationUITests.swift; sourceTree = "<group>"; };
		F66F5B922A09F91F0017F322 /* ReservationUITestsLaunchTests.swift */ = {isa = PBXFileReference; lastKnownFileType = sourcecode.swift; path = ReservationUITestsLaunchTests.swift; sourceTree = "<group>"; };
		F6B724682A0D6C8C00EC8437 /* ReservationDateSelectorView.swift */ = {isa = PBXFileReference; lastKnownFileType = sourcecode.swift; path = ReservationDateSelectorView.swift; sourceTree = "<group>"; };
		F6B7246A2A0D6CA200EC8437 /* ReservationDateSelectorViewModel.swift */ = {isa = PBXFileReference; lastKnownFileType = sourcecode.swift; path = ReservationDateSelectorViewModel.swift; sourceTree = "<group>"; };
		F6B7246E2A0D82DA00EC8437 /* AddClientView.swift */ = {isa = PBXFileReference; lastKnownFileType = sourcecode.swift; path = AddClientView.swift; sourceTree = "<group>"; };
		F6B724702A0D82EE00EC8437 /* AddClientViewModel.swift */ = {isa = PBXFileReference; lastKnownFileType = sourcecode.swift; path = AddClientViewModel.swift; sourceTree = "<group>"; };
		F6D526602A0DDB0E00C297F7 /* ReservationModel.swift */ = {isa = PBXFileReference; lastKnownFileType = sourcecode.swift; path = ReservationModel.swift; sourceTree = "<group>"; };
		F6D526622A0DDDE800C297F7 /* TableModel.swift */ = {isa = PBXFileReference; lastKnownFileType = sourcecode.swift; path = TableModel.swift; sourceTree = "<group>"; };
		F6DCB19D2A0A788000E2D7F1 /* ContentViewModel.swift */ = {isa = PBXFileReference; lastKnownFileType = sourcecode.swift; path = ContentViewModel.swift; sourceTree = "<group>"; };
		F6DCB19F2A0A7A0E00E2D7F1 /* RestaurantModel.swift */ = {isa = PBXFileReference; lastKnownFileType = sourcecode.swift; path = RestaurantModel.swift; sourceTree = "<group>"; };
		F6DCB1A12A0A8E7900E2D7F1 /* RestaurantsView.swift */ = {isa = PBXFileReference; lastKnownFileType = sourcecode.swift; path = RestaurantsView.swift; sourceTree = "<group>"; };
		F6DCB1A32A0A8E9C00E2D7F1 /* RestaurantsViewModel.swift */ = {isa = PBXFileReference; lastKnownFileType = sourcecode.swift; path = RestaurantsViewModel.swift; sourceTree = "<group>"; };
		F6DCB1A52A0A938000E2D7F1 /* UIApplication+Helpers.swift */ = {isa = PBXFileReference; lastKnownFileType = sourcecode.swift; path = "UIApplication+Helpers.swift"; sourceTree = "<group>"; };
		F6DCB1A72A0A998300E2D7F1 /* ReservationsView.swift */ = {isa = PBXFileReference; lastKnownFileType = sourcecode.swift; path = ReservationsView.swift; sourceTree = "<group>"; };
		F6DCB1A92A0A999800E2D7F1 /* ReservationsViewModel.swift */ = {isa = PBXFileReference; lastKnownFileType = sourcecode.swift; path = ReservationsViewModel.swift; sourceTree = "<group>"; };
		F6EAFC312A0ACFC5003F9594 /* ClientModel.swift */ = {isa = PBXFileReference; lastKnownFileType = sourcecode.swift; path = ClientModel.swift; sourceTree = "<group>"; };
		F6EAFC332A0ADD8D003F9594 /* ClientsView.swift */ = {isa = PBXFileReference; lastKnownFileType = sourcecode.swift; path = ClientsView.swift; sourceTree = "<group>"; };
		F6EAFC352A0ADD9D003F9594 /* ClientsViewModel.swift */ = {isa = PBXFileReference; lastKnownFileType = sourcecode.swift; path = ClientsViewModel.swift; sourceTree = "<group>"; };
		F89C3DEE8E98BCEE9AAA0571 /* Pods-Reservation-ReservationUITests.release.xcconfig */ = {isa = PBXFileReference; includeInIndex = 1; lastKnownFileType = text.xcconfig; name = "Pods-Reservation-ReservationUITests.release.xcconfig"; path = "Target Support Files/Pods-Reservation-ReservationUITests/Pods-Reservation-ReservationUITests.release.xcconfig"; sourceTree = "<group>"; };
/* End PBXFileReference section */

/* Begin PBXFrameworksBuildPhase section */
		F66F5B6A2A09F91D0017F322 /* Frameworks */ = {
			isa = PBXFrameworksBuildPhase;
			buildActionMask = 2147483647;
			files = (
				A1F3F8AC4AD8810AA4C6602E /* Pods_Reservation.framework in Frameworks */,
			);
			runOnlyForDeploymentPostprocessing = 0;
		};
		F66F5B7F2A09F91E0017F322 /* Frameworks */ = {
			isa = PBXFrameworksBuildPhase;
			buildActionMask = 2147483647;
			files = (
				736356BAEBDF13EA653E6714 /* Pods_ReservationTests.framework in Frameworks */,
			);
			runOnlyForDeploymentPostprocessing = 0;
		};
		F66F5B892A09F91F0017F322 /* Frameworks */ = {
			isa = PBXFrameworksBuildPhase;
			buildActionMask = 2147483647;
			files = (
				60A56B837F91A6E8C613FEDC /* Pods_Reservation_ReservationUITests.framework in Frameworks */,
			);
			runOnlyForDeploymentPostprocessing = 0;
		};
/* End PBXFrameworksBuildPhase section */

/* Begin PBXGroup section */
		791E431F920389F80F8E3478 /* Pods */ = {
			isa = PBXGroup;
			children = (
				503FE1870389B087DDED6D1B /* Pods-Reservation.debug.xcconfig */,
				399EB5D023B8624D6DE50B0B /* Pods-Reservation.release.xcconfig */,
				03CDD2DB11F4897C69C6C116 /* Pods-Reservation-ReservationUITests.debug.xcconfig */,
				F89C3DEE8E98BCEE9AAA0571 /* Pods-Reservation-ReservationUITests.release.xcconfig */,
				DFE61DE0C7C0E073C12CA037 /* Pods-ReservationTests.debug.xcconfig */,
				33ED0CF5EA4B464CD821C0C5 /* Pods-ReservationTests.release.xcconfig */,
			);
			path = Pods;
			sourceTree = "<group>";
		};
		E1FA2800B4359C488B00704F /* Frameworks */ = {
			isa = PBXGroup;
			children = (
				1714561D8AA76A6276743ECC /* Pods_Reservation.framework */,
				AF57F06FCC04417E54669E45 /* Pods_Reservation_ReservationUITests.framework */,
				6E58AC458C8F67C6A2BDA278 /* Pods_ReservationTests.framework */,
			);
			name = Frameworks;
			sourceTree = "<group>";
		};
		F65F56BA2A09FA1700F7580A /* Core-Layer */ = {
			isa = PBXGroup;
			children = (
				F65F56BB2A09FA2000F7580A /* Network */,
			);
			path = "Core-Layer";
			sourceTree = "<group>";
		};
		F65F56BB2A09FA2000F7580A /* Network */ = {
			isa = PBXGroup;
			children = (
				F65F56BF2A09FB8200F7580A /* APIClient.swift */,
				F65F56C42A09FC9500F7580A /* ErrorModel.swift */,
			);
			path = Network;
			sourceTree = "<group>";
		};
		F65F56BC2A09FA5800F7580A /* Supporting Files */ = {
			isa = PBXGroup;
			children = (
				F66F5B742A09F91E0017F322 /* Assets.xcassets */,
				F65F56C12A09FBE400F7580A /* Helpers */,
			);
			path = "Supporting Files";
			sourceTree = "<group>";
		};
		F65F56BD2A09FA7000F7580A /* Data Model */ = {
			isa = PBXGroup;
			children = (
				F66F5B792A09F91E0017F322 /* Persistence.swift */,
				F66F5B7B2A09F91E0017F322 /* Reservation.xcdatamodeld */,
				F6DCB19F2A0A7A0E00E2D7F1 /* RestaurantModel.swift */,
				F6EAFC312A0ACFC5003F9594 /* ClientModel.swift */,
				F6D526622A0DDDE800C297F7 /* TableModel.swift */,
				F6D526602A0DDB0E00C297F7 /* ReservationModel.swift */,
				F60DE6D82A0E926900CDC033 /* RequestAvailableHoursModel.swift */,
			);
			path = "Data Model";
			sourceTree = "<group>";
		};
		F65F56BE2A09FA9200F7580A /* Views */ = {
			isa = PBXGroup;
			children = (
				F6B7246C2A0D785700EC8437 /* Restaurants */,
				F6B7246D2A0D7D5D00EC8437 /* Clients */,
				F65F56DC2A0A140100F7580A /* Reservations */,
				F65F56DB2A0A137B00F7580A /* Table Reservation */,
				F66F5B702A09F91D0017F322 /* ReservationApp.swift */,
				F6DCB19D2A0A788000E2D7F1 /* ContentViewModel.swift */,
				F66F5B722A09F91D0017F322 /* ContentView.swift */,
			);
			path = Views;
			sourceTree = "<group>";
		};
		F65F56C12A09FBE400F7580A /* Helpers */ = {
			isa = PBXGroup;
			children = (
				F65F56C62A09FFF700F7580A /* Extensions */,
				F65F56C22A09FC1300F7580A /* HTTPArrayEncoding.swift */,
			);
			path = Helpers;
			sourceTree = "<group>";
		};
		F65F56C62A09FFF700F7580A /* Extensions */ = {
			isa = PBXGroup;
			children = (
				F65F56C72A0A000300F7580A /* Encodable+Helpers.swift */,
				F65F56C92A0A002400F7580A /* JSONDecoder+Helpers.swift */,
				F65F56CB2A0A003E00F7580A /* DateFormatter+Helpers.swift */,
				F65F56D92A0A07EE00F7580A /* String+Helpers.swift */,
				F6DCB1A52A0A938000E2D7F1 /* UIApplication+Helpers.swift */,
			);
			path = Extensions;
			sourceTree = "<group>";
		};
		F65F56CD2A0A014700F7580A /* Constants */ = {
			isa = PBXGroup;
			children = (
				F65F56CE2A0A017A00F7580A /* Constans.swift */,
			);
			path = Constants;
			sourceTree = "<group>";
		};
		F65F56D02A0A01AD00F7580A /* Utilities */ = {
			isa = PBXGroup;
			children = (
				F65F56D12A0A01C500F7580A /* Utils.swift */,
				F65F56D32A0A01CE00F7580A /* Singleton.swift */,
				F65F56D52A0A077A00F7580A /* Discovery.swift */,
			);
			path = Utilities;
			sourceTree = "<group>";
		};
		F65F56DB2A0A137B00F7580A /* Table Reservation */ = {
			isa = PBXGroup;
			children = (
				F6B724682A0D6C8C00EC8437 /* ReservationDateSelectorView.swift */,
				F6B7246A2A0D6CA200EC8437 /* ReservationDateSelectorViewModel.swift */,
			);
			path = "Table Reservation";
			sourceTree = "<group>";
		};
		F65F56DC2A0A140100F7580A /* Reservations */ = {
			isa = PBXGroup;
			children = (
				F6DCB1A72A0A998300E2D7F1 /* ReservationsView.swift */,
				F6DCB1A92A0A999800E2D7F1 /* ReservationsViewModel.swift */,
			);
			path = Reservations;
			sourceTree = "<group>";
		};
		F66F5B642A09F91C0017F322 = {
			isa = PBXGroup;
			children = (
				F66F5B6F2A09F91D0017F322 /* Reservation */,
				F66F5B852A09F91E0017F322 /* ReservationTests */,
				F66F5B8F2A09F91F0017F322 /* ReservationUITests */,
				F66F5B6E2A09F91D0017F322 /* Products */,
				791E431F920389F80F8E3478 /* Pods */,
				E1FA2800B4359C488B00704F /* Frameworks */,
			);
			sourceTree = "<group>";
		};
		F66F5B6E2A09F91D0017F322 /* Products */ = {
			isa = PBXGroup;
			children = (
				F66F5B6D2A09F91D0017F322 /* Reservation.app */,
				F66F5B822A09F91E0017F322 /* ReservationTests.xctest */,
				F66F5B8C2A09F91F0017F322 /* ReservationUITests.xctest */,
			);
			name = Products;
			sourceTree = "<group>";
		};
		F66F5B6F2A09F91D0017F322 /* Reservation */ = {
			isa = PBXGroup;
			children = (
				F65F56BE2A09FA9200F7580A /* Views */,
				F65F56CD2A0A014700F7580A /* Constants */,
				F65F56D02A0A01AD00F7580A /* Utilities */,
				F65F56BD2A09FA7000F7580A /* Data Model */,
				F65F56BA2A09FA1700F7580A /* Core-Layer */,
				F65F56BC2A09FA5800F7580A /* Supporting Files */,
				F66F5B762A09F91E0017F322 /* Preview Content */,
			);
			path = Reservation;
			sourceTree = "<group>";
		};
		F66F5B762A09F91E0017F322 /* Preview Content */ = {
			isa = PBXGroup;
			children = (
				F66F5B772A09F91E0017F322 /* Preview Assets.xcassets */,
			);
			path = "Preview Content";
			sourceTree = "<group>";
		};
		F66F5B852A09F91E0017F322 /* ReservationTests */ = {
			isa = PBXGroup;
			children = (
				F66F5B862A09F91E0017F322 /* ReservationTests.swift */,
			);
			path = ReservationTests;
			sourceTree = "<group>";
		};
		F66F5B8F2A09F91F0017F322 /* ReservationUITests */ = {
			isa = PBXGroup;
			children = (
				F66F5B902A09F91F0017F322 /* ReservationUITests.swift */,
				F66F5B922A09F91F0017F322 /* ReservationUITestsLaunchTests.swift */,
			);
			path = ReservationUITests;
			sourceTree = "<group>";
		};
		F6B7246C2A0D785700EC8437 /* Restaurants */ = {
			isa = PBXGroup;
			children = (
				F6DCB1A12A0A8E7900E2D7F1 /* RestaurantsView.swift */,
				F6DCB1A32A0A8E9C00E2D7F1 /* RestaurantsViewModel.swift */,
			);
			path = Restaurants;
			sourceTree = "<group>";
		};
		F6B7246D2A0D7D5D00EC8437 /* Clients */ = {
			isa = PBXGroup;
			children = (
				F6EAFC332A0ADD8D003F9594 /* ClientsView.swift */,
				F6EAFC352A0ADD9D003F9594 /* ClientsViewModel.swift */,
				F6B7246E2A0D82DA00EC8437 /* AddClientView.swift */,
				F6B724702A0D82EE00EC8437 /* AddClientViewModel.swift */,
			);
			path = Clients;
			sourceTree = "<group>";
		};
/* End PBXGroup section */

/* Begin PBXNativeTarget section */
		F66F5B6C2A09F91D0017F322 /* Reservation */ = {
			isa = PBXNativeTarget;
			buildConfigurationList = F66F5B962A09F91F0017F322 /* Build configuration list for PBXNativeTarget "Reservation" */;
			buildPhases = (
				EF56075CB254B505B72A9B87 /* [CP] Check Pods Manifest.lock */,
				F66F5B692A09F91D0017F322 /* Sources */,
				F66F5B6A2A09F91D0017F322 /* Frameworks */,
				F66F5B6B2A09F91D0017F322 /* Resources */,
				3B5BCDFB9F3086412D80530E /* [CP] Embed Pods Frameworks */,
			);
			buildRules = (
			);
			dependencies = (
			);
			name = Reservation;
			productName = Reservation;
			productReference = F66F5B6D2A09F91D0017F322 /* Reservation.app */;
			productType = "com.apple.product-type.application";
		};
		F66F5B812A09F91E0017F322 /* ReservationTests */ = {
			isa = PBXNativeTarget;
			buildConfigurationList = F66F5B992A09F91F0017F322 /* Build configuration list for PBXNativeTarget "ReservationTests" */;
			buildPhases = (
				ACC48D40180DB15A7BB9AF29 /* [CP] Check Pods Manifest.lock */,
				F66F5B7E2A09F91E0017F322 /* Sources */,
				F66F5B7F2A09F91E0017F322 /* Frameworks */,
				F66F5B802A09F91E0017F322 /* Resources */,
			);
			buildRules = (
			);
			dependencies = (
				F66F5B842A09F91E0017F322 /* PBXTargetDependency */,
			);
			name = ReservationTests;
			productName = ReservationTests;
			productReference = F66F5B822A09F91E0017F322 /* ReservationTests.xctest */;
			productType = "com.apple.product-type.bundle.unit-test";
		};
		F66F5B8B2A09F91F0017F322 /* ReservationUITests */ = {
			isa = PBXNativeTarget;
			buildConfigurationList = F66F5B9C2A09F91F0017F322 /* Build configuration list for PBXNativeTarget "ReservationUITests" */;
			buildPhases = (
				06252D889D45C5CAB1DCC10B /* [CP] Check Pods Manifest.lock */,
				F66F5B882A09F91F0017F322 /* Sources */,
				F66F5B892A09F91F0017F322 /* Frameworks */,
				F66F5B8A2A09F91F0017F322 /* Resources */,
				D18EF50C6C46ACC9E18D2399 /* [CP] Embed Pods Frameworks */,
			);
			buildRules = (
			);
			dependencies = (
				F66F5B8E2A09F91F0017F322 /* PBXTargetDependency */,
			);
			name = ReservationUITests;
			productName = ReservationUITests;
			productReference = F66F5B8C2A09F91F0017F322 /* ReservationUITests.xctest */;
			productType = "com.apple.product-type.bundle.ui-testing";
		};
/* End PBXNativeTarget section */

/* Begin PBXProject section */
		F66F5B652A09F91C0017F322 /* Project object */ = {
			isa = PBXProject;
			attributes = {
				BuildIndependentTargetsInParallel = 1;
				LastSwiftUpdateCheck = 1410;
				LastUpgradeCheck = 1410;
				TargetAttributes = {
					F66F5B6C2A09F91D0017F322 = {
						CreatedOnToolsVersion = 14.1;
					};
					F66F5B812A09F91E0017F322 = {
						CreatedOnToolsVersion = 14.1;
						TestTargetID = F66F5B6C2A09F91D0017F322;
					};
					F66F5B8B2A09F91F0017F322 = {
						CreatedOnToolsVersion = 14.1;
						TestTargetID = F66F5B6C2A09F91D0017F322;
					};
				};
			};
			buildConfigurationList = F66F5B682A09F91C0017F322 /* Build configuration list for PBXProject "Reservation" */;
			compatibilityVersion = "Xcode 14.0";
			developmentRegion = en;
			hasScannedForEncodings = 0;
			knownRegions = (
				en,
				Base,
			);
			mainGroup = F66F5B642A09F91C0017F322;
			productRefGroup = F66F5B6E2A09F91D0017F322 /* Products */;
			projectDirPath = "";
			projectRoot = "";
			targets = (
				F66F5B6C2A09F91D0017F322 /* Reservation */,
				F66F5B812A09F91E0017F322 /* ReservationTests */,
				F66F5B8B2A09F91F0017F322 /* ReservationUITests */,
			);
		};
/* End PBXProject section */

/* Begin PBXResourcesBuildPhase section */
		F66F5B6B2A09F91D0017F322 /* Resources */ = {
			isa = PBXResourcesBuildPhase;
			buildActionMask = 2147483647;
			files = (
				F66F5B782A09F91E0017F322 /* Preview Assets.xcassets in Resources */,
				F66F5B752A09F91E0017F322 /* Assets.xcassets in Resources */,
			);
			runOnlyForDeploymentPostprocessing = 0;
		};
		F66F5B802A09F91E0017F322 /* Resources */ = {
			isa = PBXResourcesBuildPhase;
			buildActionMask = 2147483647;
			files = (
			);
			runOnlyForDeploymentPostprocessing = 0;
		};
		F66F5B8A2A09F91F0017F322 /* Resources */ = {
			isa = PBXResourcesBuildPhase;
			buildActionMask = 2147483647;
			files = (
			);
			runOnlyForDeploymentPostprocessing = 0;
		};
/* End PBXResourcesBuildPhase section */

/* Begin PBXShellScriptBuildPhase section */
		06252D889D45C5CAB1DCC10B /* [CP] Check Pods Manifest.lock */ = {
			isa = PBXShellScriptBuildPhase;
			buildActionMask = 2147483647;
			files = (
			);
			inputFileListPaths = (
			);
			inputPaths = (
				"${PODS_PODFILE_DIR_PATH}/Podfile.lock",
				"${PODS_ROOT}/Manifest.lock",
			);
			name = "[CP] Check Pods Manifest.lock";
			outputFileListPaths = (
			);
			outputPaths = (
				"$(DERIVED_FILE_DIR)/Pods-Reservation-ReservationUITests-checkManifestLockResult.txt",
			);
			runOnlyForDeploymentPostprocessing = 0;
			shellPath = /bin/sh;
			shellScript = "diff \"${PODS_PODFILE_DIR_PATH}/Podfile.lock\" \"${PODS_ROOT}/Manifest.lock\" > /dev/null\nif [ $? != 0 ] ; then\n    # print error to STDERR\n    echo \"error: The sandbox is not in sync with the Podfile.lock. Run 'pod install' or update your CocoaPods installation.\" >&2\n    exit 1\nfi\n# This output is used by Xcode 'outputs' to avoid re-running this script phase.\necho \"SUCCESS\" > \"${SCRIPT_OUTPUT_FILE_0}\"\n";
			showEnvVarsInLog = 0;
		};
		3B5BCDFB9F3086412D80530E /* [CP] Embed Pods Frameworks */ = {
			isa = PBXShellScriptBuildPhase;
			buildActionMask = 2147483647;
			files = (
			);
			inputFileListPaths = (
				"${PODS_ROOT}/Target Support Files/Pods-Reservation/Pods-Reservation-frameworks-${CONFIGURATION}-input-files.xcfilelist",
			);
			name = "[CP] Embed Pods Frameworks";
			outputFileListPaths = (
				"${PODS_ROOT}/Target Support Files/Pods-Reservation/Pods-Reservation-frameworks-${CONFIGURATION}-output-files.xcfilelist",
			);
			runOnlyForDeploymentPostprocessing = 0;
			shellPath = /bin/sh;
			shellScript = "\"${PODS_ROOT}/Target Support Files/Pods-Reservation/Pods-Reservation-frameworks.sh\"\n";
			showEnvVarsInLog = 0;
		};
		ACC48D40180DB15A7BB9AF29 /* [CP] Check Pods Manifest.lock */ = {
			isa = PBXShellScriptBuildPhase;
			buildActionMask = 2147483647;
			files = (
			);
			inputFileListPaths = (
			);
			inputPaths = (
				"${PODS_PODFILE_DIR_PATH}/Podfile.lock",
				"${PODS_ROOT}/Manifest.lock",
			);
			name = "[CP] Check Pods Manifest.lock";
			outputFileListPaths = (
			);
			outputPaths = (
				"$(DERIVED_FILE_DIR)/Pods-ReservationTests-checkManifestLockResult.txt",
			);
			runOnlyForDeploymentPostprocessing = 0;
			shellPath = /bin/sh;
			shellScript = "diff \"${PODS_PODFILE_DIR_PATH}/Podfile.lock\" \"${PODS_ROOT}/Manifest.lock\" > /dev/null\nif [ $? != 0 ] ; then\n    # print error to STDERR\n    echo \"error: The sandbox is not in sync with the Podfile.lock. Run 'pod install' or update your CocoaPods installation.\" >&2\n    exit 1\nfi\n# This output is used by Xcode 'outputs' to avoid re-running this script phase.\necho \"SUCCESS\" > \"${SCRIPT_OUTPUT_FILE_0}\"\n";
			showEnvVarsInLog = 0;
		};
		D18EF50C6C46ACC9E18D2399 /* [CP] Embed Pods Frameworks */ = {
			isa = PBXShellScriptBuildPhase;
			buildActionMask = 2147483647;
			files = (
			);
			inputFileListPaths = (
				"${PODS_ROOT}/Target Support Files/Pods-Reservation-ReservationUITests/Pods-Reservation-ReservationUITests-frameworks-${CONFIGURATION}-input-files.xcfilelist",
			);
			name = "[CP] Embed Pods Frameworks";
			outputFileListPaths = (
				"${PODS_ROOT}/Target Support Files/Pods-Reservation-ReservationUITests/Pods-Reservation-ReservationUITests-frameworks-${CONFIGURATION}-output-files.xcfilelist",
			);
			runOnlyForDeploymentPostprocessing = 0;
			shellPath = /bin/sh;
			shellScript = "\"${PODS_ROOT}/Target Support Files/Pods-Reservation-ReservationUITests/Pods-Reservation-ReservationUITests-frameworks.sh\"\n";
			showEnvVarsInLog = 0;
		};
		EF56075CB254B505B72A9B87 /* [CP] Check Pods Manifest.lock */ = {
			isa = PBXShellScriptBuildPhase;
			buildActionMask = 2147483647;
			files = (
			);
			inputFileListPaths = (
			);
			inputPaths = (
				"${PODS_PODFILE_DIR_PATH}/Podfile.lock",
				"${PODS_ROOT}/Manifest.lock",
			);
			name = "[CP] Check Pods Manifest.lock";
			outputFileListPaths = (
			);
			outputPaths = (
				"$(DERIVED_FILE_DIR)/Pods-Reservation-checkManifestLockResult.txt",
			);
			runOnlyForDeploymentPostprocessing = 0;
			shellPath = /bin/sh;
			shellScript = "diff \"${PODS_PODFILE_DIR_PATH}/Podfile.lock\" \"${PODS_ROOT}/Manifest.lock\" > /dev/null\nif [ $? != 0 ] ; then\n    # print error to STDERR\n    echo \"error: The sandbox is not in sync with the Podfile.lock. Run 'pod install' or update your CocoaPods installation.\" >&2\n    exit 1\nfi\n# This output is used by Xcode 'outputs' to avoid re-running this script phase.\necho \"SUCCESS\" > \"${SCRIPT_OUTPUT_FILE_0}\"\n";
			showEnvVarsInLog = 0;
		};
/* End PBXShellScriptBuildPhase section */

/* Begin PBXSourcesBuildPhase section */
		F66F5B692A09F91D0017F322 /* Sources */ = {
			isa = PBXSourcesBuildPhase;
			buildActionMask = 2147483647;
			files = (
				F65F56D62A0A077A00F7580A /* Discovery.swift in Sources */,
				F65F56CC2A0A003E00F7580A /* DateFormatter+Helpers.swift in Sources */,
				F65F56C52A09FC9500F7580A /* ErrorModel.swift in Sources */,
				F66F5B7A2A09F91E0017F322 /* Persistence.swift in Sources */,
				F66F5B732A09F91D0017F322 /* ContentView.swift in Sources */,
				F65F56DA2A0A07EE00F7580A /* String+Helpers.swift in Sources */,
				F6B724692A0D6C8C00EC8437 /* ReservationDateSelectorView.swift in Sources */,
				F6DCB1A42A0A8E9C00E2D7F1 /* RestaurantsViewModel.swift in Sources */,
				F6DCB1A82A0A998400E2D7F1 /* ReservationsView.swift in Sources */,
				F6DCB1AA2A0A999800E2D7F1 /* ReservationsViewModel.swift in Sources */,
				F66F5B7D2A09F91E0017F322 /* Reservation.xcdatamodeld in Sources */,
				F6DCB1A22A0A8E7900E2D7F1 /* RestaurantsView.swift in Sources */,
				F65F56D42A0A01CE00F7580A /* Singleton.swift in Sources */,
				F6EAFC322A0ACFC5003F9594 /* ClientModel.swift in Sources */,
				F60DE6D92A0E926900CDC033 /* RequestAvailableHoursModel.swift in Sources */,
				F6DCB19E2A0A788000E2D7F1 /* ContentViewModel.swift in Sources */,
				F65F56CF2A0A017A00F7580A /* Constans.swift in Sources */,
				F6D526612A0DDB0E00C297F7 /* ReservationModel.swift in Sources */,
				F65F56C02A09FB8200F7580A /* APIClient.swift in Sources */,
				F6EAFC362A0ADD9D003F9594 /* ClientsViewModel.swift in Sources */,
				F6B7246B2A0D6CA200EC8437 /* ReservationDateSelectorViewModel.swift in Sources */,
				F65F56C82A0A000300F7580A /* Encodable+Helpers.swift in Sources */,
				F6EAFC342A0ADD8D003F9594 /* ClientsView.swift in Sources */,
				F6B7246F2A0D82DA00EC8437 /* AddClientView.swift in Sources */,
				F6B724712A0D82EE00EC8437 /* AddClientViewModel.swift in Sources */,
				F65F56CA2A0A002400F7580A /* JSONDecoder+Helpers.swift in Sources */,
				F65F56C32A09FC1300F7580A /* HTTPArrayEncoding.swift in Sources */,
				F6DCB1A02A0A7A0E00E2D7F1 /* RestaurantModel.swift in Sources */,
				F66F5B712A09F91D0017F322 /* ReservationApp.swift in Sources */,
				F6DCB1A62A0A938000E2D7F1 /* UIApplication+Helpers.swift in Sources */,
				F6D526632A0DDDE800C297F7 /* TableModel.swift in Sources */,
				F65F56D22A0A01C500F7580A /* Utils.swift in Sources */,
			);
			runOnlyForDeploymentPostprocessing = 0;
		};
		F66F5B7E2A09F91E0017F322 /* Sources */ = {
			isa = PBXSourcesBuildPhase;
			buildActionMask = 2147483647;
			files = (
				F66F5B872A09F91E0017F322 /* ReservationTests.swift in Sources */,
			);
			runOnlyForDeploymentPostprocessing = 0;
		};
		F66F5B882A09F91F0017F322 /* Sources */ = {
			isa = PBXSourcesBuildPhase;
			buildActionMask = 2147483647;
			files = (
				F66F5B912A09F91F0017F322 /* ReservationUITests.swift in Sources */,
				F66F5B932A09F91F0017F322 /* ReservationUITestsLaunchTests.swift in Sources */,
			);
			runOnlyForDeploymentPostprocessing = 0;
		};
/* End PBXSourcesBuildPhase section */

/* Begin PBXTargetDependency section */
		F66F5B842A09F91E0017F322 /* PBXTargetDependency */ = {
			isa = PBXTargetDependency;
			target = F66F5B6C2A09F91D0017F322 /* Reservation */;
			targetProxy = F66F5B832A09F91E0017F322 /* PBXContainerItemProxy */;
		};
		F66F5B8E2A09F91F0017F322 /* PBXTargetDependency */ = {
			isa = PBXTargetDependency;
			target = F66F5B6C2A09F91D0017F322 /* Reservation */;
			targetProxy = F66F5B8D2A09F91F0017F322 /* PBXContainerItemProxy */;
		};
/* End PBXTargetDependency section */

/* Begin XCBuildConfiguration section */
		F66F5B942A09F91F0017F322 /* Debug */ = {
			isa = XCBuildConfiguration;
			buildSettings = {
				ALWAYS_SEARCH_USER_PATHS = NO;
				CLANG_ANALYZER_NONNULL = YES;
				CLANG_ANALYZER_NUMBER_OBJECT_CONVERSION = YES_AGGRESSIVE;
				CLANG_CXX_LANGUAGE_STANDARD = "gnu++20";
				CLANG_ENABLE_MODULES = YES;
				CLANG_ENABLE_OBJC_ARC = YES;
				CLANG_ENABLE_OBJC_WEAK = YES;
				CLANG_WARN_BLOCK_CAPTURE_AUTORELEASING = YES;
				CLANG_WARN_BOOL_CONVERSION = YES;
				CLANG_WARN_COMMA = YES;
				CLANG_WARN_CONSTANT_CONVERSION = YES;
				CLANG_WARN_DEPRECATED_OBJC_IMPLEMENTATIONS = YES;
				CLANG_WARN_DIRECT_OBJC_ISA_USAGE = YES_ERROR;
				CLANG_WARN_DOCUMENTATION_COMMENTS = YES;
				CLANG_WARN_EMPTY_BODY = YES;
				CLANG_WARN_ENUM_CONVERSION = YES;
				CLANG_WARN_INFINITE_RECURSION = YES;
				CLANG_WARN_INT_CONVERSION = YES;
				CLANG_WARN_NON_LITERAL_NULL_CONVERSION = YES;
				CLANG_WARN_OBJC_IMPLICIT_RETAIN_SELF = YES;
				CLANG_WARN_OBJC_LITERAL_CONVERSION = YES;
				CLANG_WARN_OBJC_ROOT_CLASS = YES_ERROR;
				CLANG_WARN_QUOTED_INCLUDE_IN_FRAMEWORK_HEADER = YES;
				CLANG_WARN_RANGE_LOOP_ANALYSIS = YES;
				CLANG_WARN_STRICT_PROTOTYPES = YES;
				CLANG_WARN_SUSPICIOUS_MOVE = YES;
				CLANG_WARN_UNGUARDED_AVAILABILITY = YES_AGGRESSIVE;
				CLANG_WARN_UNREACHABLE_CODE = YES;
				CLANG_WARN__DUPLICATE_METHOD_MATCH = YES;
				COPY_PHASE_STRIP = NO;
				DEBUG_INFORMATION_FORMAT = dwarf;
				ENABLE_STRICT_OBJC_MSGSEND = YES;
				ENABLE_TESTABILITY = YES;
				GCC_C_LANGUAGE_STANDARD = gnu11;
				GCC_DYNAMIC_NO_PIC = NO;
				GCC_NO_COMMON_BLOCKS = YES;
				GCC_OPTIMIZATION_LEVEL = 0;
				GCC_PREPROCESSOR_DEFINITIONS = (
					"DEBUG=1",
					"$(inherited)",
				);
				GCC_WARN_64_TO_32_BIT_CONVERSION = YES;
				GCC_WARN_ABOUT_RETURN_TYPE = YES_ERROR;
				GCC_WARN_UNDECLARED_SELECTOR = YES;
				GCC_WARN_UNINITIALIZED_AUTOS = YES_AGGRESSIVE;
				GCC_WARN_UNUSED_FUNCTION = YES;
				GCC_WARN_UNUSED_VARIABLE = YES;
				IPHONEOS_DEPLOYMENT_TARGET = 16.1;
				MTL_ENABLE_DEBUG_INFO = INCLUDE_SOURCE;
				MTL_FAST_MATH = YES;
				ONLY_ACTIVE_ARCH = YES;
				SDKROOT = iphoneos;
				SWIFT_ACTIVE_COMPILATION_CONDITIONS = DEBUG;
				SWIFT_OPTIMIZATION_LEVEL = "-Onone";
			};
			name = Debug;
		};
		F66F5B952A09F91F0017F322 /* Release */ = {
			isa = XCBuildConfiguration;
			buildSettings = {
				ALWAYS_SEARCH_USER_PATHS = NO;
				CLANG_ANALYZER_NONNULL = YES;
				CLANG_ANALYZER_NUMBER_OBJECT_CONVERSION = YES_AGGRESSIVE;
				CLANG_CXX_LANGUAGE_STANDARD = "gnu++20";
				CLANG_ENABLE_MODULES = YES;
				CLANG_ENABLE_OBJC_ARC = YES;
				CLANG_ENABLE_OBJC_WEAK = YES;
				CLANG_WARN_BLOCK_CAPTURE_AUTORELEASING = YES;
				CLANG_WARN_BOOL_CONVERSION = YES;
				CLANG_WARN_COMMA = YES;
				CLANG_WARN_CONSTANT_CONVERSION = YES;
				CLANG_WARN_DEPRECATED_OBJC_IMPLEMENTATIONS = YES;
				CLANG_WARN_DIRECT_OBJC_ISA_USAGE = YES_ERROR;
				CLANG_WARN_DOCUMENTATION_COMMENTS = YES;
				CLANG_WARN_EMPTY_BODY = YES;
				CLANG_WARN_ENUM_CONVERSION = YES;
				CLANG_WARN_INFINITE_RECURSION = YES;
				CLANG_WARN_INT_CONVERSION = YES;
				CLANG_WARN_NON_LITERAL_NULL_CONVERSION = YES;
				CLANG_WARN_OBJC_IMPLICIT_RETAIN_SELF = YES;
				CLANG_WARN_OBJC_LITERAL_CONVERSION = YES;
				CLANG_WARN_OBJC_ROOT_CLASS = YES_ERROR;
				CLANG_WARN_QUOTED_INCLUDE_IN_FRAMEWORK_HEADER = YES;
				CLANG_WARN_RANGE_LOOP_ANALYSIS = YES;
				CLANG_WARN_STRICT_PROTOTYPES = YES;
				CLANG_WARN_SUSPICIOUS_MOVE = YES;
				CLANG_WARN_UNGUARDED_AVAILABILITY = YES_AGGRESSIVE;
				CLANG_WARN_UNREACHABLE_CODE = YES;
				CLANG_WARN__DUPLICATE_METHOD_MATCH = YES;
				COPY_PHASE_STRIP = NO;
				DEBUG_INFORMATION_FORMAT = "dwarf-with-dsym";
				ENABLE_NS_ASSERTIONS = NO;
				ENABLE_STRICT_OBJC_MSGSEND = YES;
				GCC_C_LANGUAGE_STANDARD = gnu11;
				GCC_NO_COMMON_BLOCKS = YES;
				GCC_WARN_64_TO_32_BIT_CONVERSION = YES;
				GCC_WARN_ABOUT_RETURN_TYPE = YES_ERROR;
				GCC_WARN_UNDECLARED_SELECTOR = YES;
				GCC_WARN_UNINITIALIZED_AUTOS = YES_AGGRESSIVE;
				GCC_WARN_UNUSED_FUNCTION = YES;
				GCC_WARN_UNUSED_VARIABLE = YES;
				IPHONEOS_DEPLOYMENT_TARGET = 16.1;
				MTL_ENABLE_DEBUG_INFO = NO;
				MTL_FAST_MATH = YES;
				SDKROOT = iphoneos;
				SWIFT_COMPILATION_MODE = wholemodule;
				SWIFT_OPTIMIZATION_LEVEL = "-O";
				VALIDATE_PRODUCT = YES;
			};
			name = Release;
		};
		F66F5B972A09F91F0017F322 /* Debug */ = {
			isa = XCBuildConfiguration;
			baseConfigurationReference = 503FE1870389B087DDED6D1B /* Pods-Reservation.debug.xcconfig */;
			buildSettings = {
				ASSETCATALOG_COMPILER_APPICON_NAME = AppIcon;
				ASSETCATALOG_COMPILER_GLOBAL_ACCENT_COLOR_NAME = AccentColor;
				CODE_SIGN_STYLE = Automatic;
				CURRENT_PROJECT_VERSION = 1;
				DEVELOPMENT_ASSET_PATHS = "\"Reservation/Preview Content\"";
				ENABLE_PREVIEWS = YES;
				GENERATE_INFOPLIST_FILE = YES;
				INFOPLIST_KEY_UIApplicationSceneManifest_Generation = YES;
				INFOPLIST_KEY_UIApplicationSupportsIndirectInputEvents = YES;
				INFOPLIST_KEY_UILaunchScreen_Generation = YES;
				INFOPLIST_KEY_UISupportedInterfaceOrientations_iPad = "UIInterfaceOrientationPortrait UIInterfaceOrientationPortraitUpsideDown UIInterfaceOrientationLandscapeLeft UIInterfaceOrientationLandscapeRight";
				INFOPLIST_KEY_UISupportedInterfaceOrientations_iPhone = "UIInterfaceOrientationPortrait UIInterfaceOrientationLandscapeLeft UIInterfaceOrientationLandscapeRight";
				IPHONEOS_DEPLOYMENT_TARGET = 15.0;
				LD_RUNPATH_SEARCH_PATHS = (
					"$(inherited)",
					"@executable_path/Frameworks",
				);
				MARKETING_VERSION = 1.0;
				PRODUCT_BUNDLE_IDENTIFIER = com.backend.poli.Reservation;
				PRODUCT_NAME = "$(TARGET_NAME)";
				SWIFT_EMIT_LOC_STRINGS = YES;
				SWIFT_VERSION = 5.0;
				TARGETED_DEVICE_FAMILY = "1,2";
			};
			name = Debug;
		};
		F66F5B982A09F91F0017F322 /* Release */ = {
			isa = XCBuildConfiguration;
			baseConfigurationReference = 399EB5D023B8624D6DE50B0B /* Pods-Reservation.release.xcconfig */;
			buildSettings = {
				ASSETCATALOG_COMPILER_APPICON_NAME = AppIcon;
				ASSETCATALOG_COMPILER_GLOBAL_ACCENT_COLOR_NAME = AccentColor;
				CODE_SIGN_STYLE = Automatic;
				CURRENT_PROJECT_VERSION = 1;
				DEVELOPMENT_ASSET_PATHS = "\"Reservation/Preview Content\"";
				ENABLE_PREVIEWS = YES;
				GENERATE_INFOPLIST_FILE = YES;
				INFOPLIST_KEY_UIApplicationSceneManifest_Generation = YES;
				INFOPLIST_KEY_UIApplicationSupportsIndirectInputEvents = YES;
				INFOPLIST_KEY_UILaunchScreen_Generation = YES;
				INFOPLIST_KEY_UISupportedInterfaceOrientations_iPad = "UIInterfaceOrientationPortrait UIInterfaceOrientationPortraitUpsideDown UIInterfaceOrientationLandscapeLeft UIInterfaceOrientationLandscapeRight";
				INFOPLIST_KEY_UISupportedInterfaceOrientations_iPhone = "UIInterfaceOrientationPortrait UIInterfaceOrientationLandscapeLeft UIInterfaceOrientationLandscapeRight";
				IPHONEOS_DEPLOYMENT_TARGET = 15.0;
				LD_RUNPATH_SEARCH_PATHS = (
					"$(inherited)",
					"@executable_path/Frameworks",
				);
				MARKETING_VERSION = 1.0;
				PRODUCT_BUNDLE_IDENTIFIER = com.backend.poli.Reservation;
				PRODUCT_NAME = "$(TARGET_NAME)";
				SWIFT_EMIT_LOC_STRINGS = YES;
				SWIFT_VERSION = 5.0;
				TARGETED_DEVICE_FAMILY = "1,2";
			};
			name = Release;
		};
		F66F5B9A2A09F91F0017F322 /* Debug */ = {
			isa = XCBuildConfiguration;
			baseConfigurationReference = DFE61DE0C7C0E073C12CA037 /* Pods-ReservationTests.debug.xcconfig */;
			buildSettings = {
				ALWAYS_EMBED_SWIFT_STANDARD_LIBRARIES = YES;
				BUNDLE_LOADER = "$(TEST_HOST)";
				CODE_SIGN_STYLE = Automatic;
				CURRENT_PROJECT_VERSION = 1;
				GENERATE_INFOPLIST_FILE = YES;
				IPHONEOS_DEPLOYMENT_TARGET = 16.1;
				MARKETING_VERSION = 1.0;
				PRODUCT_BUNDLE_IDENTIFIER = com.backend.poli.ReservationTests;
				PRODUCT_NAME = "$(TARGET_NAME)";
				SWIFT_EMIT_LOC_STRINGS = NO;
				SWIFT_VERSION = 5.0;
				TARGETED_DEVICE_FAMILY = "1,2";
				TEST_HOST = "$(BUILT_PRODUCTS_DIR)/Reservation.app/$(BUNDLE_EXECUTABLE_FOLDER_PATH)/Reservation";
			};
			name = Debug;
		};
		F66F5B9B2A09F91F0017F322 /* Release */ = {
			isa = XCBuildConfiguration;
			baseConfigurationReference = 33ED0CF5EA4B464CD821C0C5 /* Pods-ReservationTests.release.xcconfig */;
			buildSettings = {
				ALWAYS_EMBED_SWIFT_STANDARD_LIBRARIES = YES;
				BUNDLE_LOADER = "$(TEST_HOST)";
				CODE_SIGN_STYLE = Automatic;
				CURRENT_PROJECT_VERSION = 1;
				GENERATE_INFOPLIST_FILE = YES;
				IPHONEOS_DEPLOYMENT_TARGET = 16.1;
				MARKETING_VERSION = 1.0;
				PRODUCT_BUNDLE_IDENTIFIER = com.backend.poli.ReservationTests;
				PRODUCT_NAME = "$(TARGET_NAME)";
				SWIFT_EMIT_LOC_STRINGS = NO;
				SWIFT_VERSION = 5.0;
				TARGETED_DEVICE_FAMILY = "1,2";
				TEST_HOST = "$(BUILT_PRODUCTS_DIR)/Reservation.app/$(BUNDLE_EXECUTABLE_FOLDER_PATH)/Reservation";
			};
			name = Release;
		};
		F66F5B9D2A09F91F0017F322 /* Debug */ = {
			isa = XCBuildConfiguration;
			baseConfigurationReference = 03CDD2DB11F4897C69C6C116 /* Pods-Reservation-ReservationUITests.debug.xcconfig */;
			buildSettings = {
				ALWAYS_EMBED_SWIFT_STANDARD_LIBRARIES = YES;
				CODE_SIGN_STYLE = Automatic;
				CURRENT_PROJECT_VERSION = 1;
				GENERATE_INFOPLIST_FILE = YES;
				MARKETING_VERSION = 1.0;
				PRODUCT_BUNDLE_IDENTIFIER = com.backend.poli.ReservationUITests;
				PRODUCT_NAME = "$(TARGET_NAME)";
				SWIFT_EMIT_LOC_STRINGS = NO;
				SWIFT_VERSION = 5.0;
				TARGETED_DEVICE_FAMILY = "1,2";
				TEST_TARGET_NAME = Reservation;
			};
			name = Debug;
		};
		F66F5B9E2A09F91F0017F322 /* Release */ = {
			isa = XCBuildConfiguration;
			baseConfigurationReference = F89C3DEE8E98BCEE9AAA0571 /* Pods-Reservation-ReservationUITests.release.xcconfig */;
			buildSettings = {
				ALWAYS_EMBED_SWIFT_STANDARD_LIBRARIES = YES;
				CODE_SIGN_STYLE = Automatic;
				CURRENT_PROJECT_VERSION = 1;
				GENERATE_INFOPLIST_FILE = YES;
				MARKETING_VERSION = 1.0;
				PRODUCT_BUNDLE_IDENTIFIER = com.backend.poli.ReservationUITests;
				PRODUCT_NAME = "$(TARGET_NAME)";
				SWIFT_EMIT_LOC_STRINGS = NO;
				SWIFT_VERSION = 5.0;
				TARGETED_DEVICE_FAMILY = "1,2";
				TEST_TARGET_NAME = Reservation;
			};
			name = Release;
		};
/* End XCBuildConfiguration section */

/* Begin XCConfigurationList section */
		F66F5B682A09F91C0017F322 /* Build configuration list for PBXProject "Reservation" */ = {
			isa = XCConfigurationList;
			buildConfigurations = (
				F66F5B942A09F91F0017F322 /* Debug */,
				F66F5B952A09F91F0017F322 /* Release */,
			);
			defaultConfigurationIsVisible = 0;
			defaultConfigurationName = Release;
		};
		F66F5B962A09F91F0017F322 /* Build configuration list for PBXNativeTarget "Reservation" */ = {
			isa = XCConfigurationList;
			buildConfigurations = (
				F66F5B972A09F91F0017F322 /* Debug */,
				F66F5B982A09F91F0017F322 /* Release */,
			);
			defaultConfigurationIsVisible = 0;
			defaultConfigurationName = Release;
		};
		F66F5B992A09F91F0017F322 /* Build configuration list for PBXNativeTarget "ReservationTests" */ = {
			isa = XCConfigurationList;
			buildConfigurations = (
				F66F5B9A2A09F91F0017F322 /* Debug */,
				F66F5B9B2A09F91F0017F322 /* Release */,
			);
			defaultConfigurationIsVisible = 0;
			defaultConfigurationName = Release;
		};
		F66F5B9C2A09F91F0017F322 /* Build configuration list for PBXNativeTarget "ReservationUITests" */ = {
			isa = XCConfigurationList;
			buildConfigurations = (
				F66F5B9D2A09F91F0017F322 /* Debug */,
				F66F5B9E2A09F91F0017F322 /* Release */,
			);
			defaultConfigurationIsVisible = 0;
			defaultConfigurationName = Release;
		};
/* End XCConfigurationList section */

/* Begin XCVersionGroup section */
		F66F5B7B2A09F91E0017F322 /* Reservation.xcdatamodeld */ = {
			isa = XCVersionGroup;
			children = (
				F66F5B7C2A09F91E0017F322 /* Reservation.xcdatamodel */,
			);
			currentVersion = F66F5B7C2A09F91E0017F322 /* Reservation.xcdatamodel */;
			path = Reservation.xcdatamodeld;
			sourceTree = "<group>";
			versionGroupType = wrapper.xcdatamodel;
		};
/* End XCVersionGroup section */
	};
	rootObject = F66F5B652A09F91C0017F322 /* Project object */;
}
